// !$*UTF8*$!
{
	archiveVersion = 1;
	classes = {
	};
	objectVersion = 50;
	objects = {

/* Begin PBXBuildFile section */
		636108CB23A2C28F005CF50F /* AppDelegate.swift in Sources */ = {isa = PBXBuildFile; fileRef = 636108CA23A2C28F005CF50F /* AppDelegate.swift */; };
		636108CD23A2C28F005CF50F /* SceneDelegate.swift in Sources */ = {isa = PBXBuildFile; fileRef = 636108CC23A2C28F005CF50F /* SceneDelegate.swift */; };
		636108D223A2C28F005CF50F /* Main.storyboard in Resources */ = {isa = PBXBuildFile; fileRef = 636108D023A2C28F005CF50F /* Main.storyboard */; };
		636108D423A2C290005CF50F /* Assets.xcassets in Resources */ = {isa = PBXBuildFile; fileRef = 636108D323A2C290005CF50F /* Assets.xcassets */; };
		636108D723A2C290005CF50F /* LaunchScreen.storyboard in Resources */ = {isa = PBXBuildFile; fileRef = 636108D523A2C290005CF50F /* LaunchScreen.storyboard */; };
		636108E623A2C367005CF50F /* CustomControl.swift in Sources */ = {isa = PBXBuildFile; fileRef = 636108E523A2C367005CF50F /* CustomControl.swift */; };
		636108E823A2C4F5005CF50F /* CustomControlViewController.swift in Sources */ = {isa = PBXBuildFile; fileRef = 636108E723A2C4F5005CF50F /* CustomControlViewController.swift */; };
/* End PBXBuildFile section */

/* Begin PBXFileReference section */
		636108C723A2C28F005CF50F /* CustomUIControlProject.app */ = {isa = PBXFileReference; explicitFileType = wrapper.application; includeInIndex = 0; path = CustomUIControlProject.app; sourceTree = BUILT_PRODUCTS_DIR; };
		636108CA23A2C28F005CF50F /* AppDelegate.swift */ = {isa = PBXFileReference; lastKnownFileType = sourcecode.swift; path = AppDelegate.swift; sourceTree = "<group>"; };
		636108CC23A2C28F005CF50F /* SceneDelegate.swift */ = {isa = PBXFileReference; lastKnownFileType = sourcecode.swift; path = SceneDelegate.swift; sourceTree = "<group>"; };
		636108D123A2C28F005CF50F /* Base */ = {isa = PBXFileReference; lastKnownFileType = file.storyboard; name = Base; path = Base.lproj/Main.storyboard; sourceTree = "<group>"; };
		636108D323A2C290005CF50F /* Assets.xcassets */ = {isa = PBXFileReference; lastKnownFileType = folder.assetcatalog; path = Assets.xcassets; sourceTree = "<group>"; };
		636108D623A2C290005CF50F /* Base */ = {isa = PBXFileReference; lastKnownFileType = file.storyboard; name = Base; path = Base.lproj/LaunchScreen.storyboard; sourceTree = "<group>"; };
		636108D823A2C290005CF50F /* Info.plist */ = {isa = PBXFileReference; lastKnownFileType = text.plist.xml; path = Info.plist; sourceTree = "<group>"; };
		636108E523A2C367005CF50F /* CustomControl.swift */ = {isa = PBXFileReference; lastKnownFileType = sourcecode.swift; path = CustomControl.swift; sourceTree = "<group>"; };
		636108E723A2C4F5005CF50F /* CustomControlViewController.swift */ = {isa = PBXFileReference; lastKnownFileType = sourcecode.swift; path = CustomControlViewController.swift; sourceTree = "<group>"; };
/* End PBXFileReference section */

/* Begin PBXFrameworksBuildPhase section */
		636108C423A2C28F005CF50F /* Frameworks */ = {
			isa = PBXFrameworksBuildPhase;
			buildActionMask = 2147483647;
			files = (
			);
			runOnlyForDeploymentPostprocessing = 0;
		};
/* End PBXFrameworksBuildPhase section */

/* Begin PBXGroup section */
		636108BE23A2C28F005CF50F = {
			isa = PBXGroup;
			children = (
				636108C923A2C28F005CF50F /* CustomUIControlProject */,
				636108C823A2C28F005CF50F /* Products */,
			);
			sourceTree = "<group>";
		};
		636108C823A2C28F005CF50F /* Products */ = {
			isa = PBXGroup;
			children = (
				636108C723A2C28F005CF50F /* CustomUIControlProject.app */,
			);
			name = Products;
			sourceTree = "<group>";
		};
		636108C923A2C28F005CF50F /* CustomUIControlProject */ = {
			isa = PBXGroup;
			children = (
				636108E323A2C2F4005CF50F /* Model */,
				636108E123A2C2E0005CF50F /* Views */,
				636108E223A2C2E9005CF50F /* Controls */,
				636108DF23A2C2CC005CF50F /* Controller */,
				636108DE23A2C297005CF50F /* Supporting Files */,
			);
			path = CustomUIControlProject;
			sourceTree = "<group>";
		};
		636108DE23A2C297005CF50F /* Supporting Files */ = {
			isa = PBXGroup;
			children = (
				636108CA23A2C28F005CF50F /* AppDelegate.swift */,
				636108CC23A2C28F005CF50F /* SceneDelegate.swift */,
				636108D323A2C290005CF50F /* Assets.xcassets */,
				636108D823A2C290005CF50F /* Info.plist */,
			);
			path = "Supporting Files";
			sourceTree = "<group>";
		};
		636108DF23A2C2CC005CF50F /* Controller */ = {
			isa = PBXGroup;
			children = (
				636108E723A2C4F5005CF50F /* CustomControlViewController.swift */,
			);
			path = Controller;
			sourceTree = "<group>";
		};
		636108E023A2C2D5005CF50F /* Storyboards */ = {
			isa = PBXGroup;
			children = (
				636108D023A2C28F005CF50F /* Main.storyboard */,
				636108D523A2C290005CF50F /* LaunchScreen.storyboard */,
			);
			path = Storyboards;
			sourceTree = "<group>";
		};
		636108E123A2C2E0005CF50F /* Views */ = {
			isa = PBXGroup;
			children = (
				636108E423A2C2FD005CF50F /* Custom Views */,
				636108E023A2C2D5005CF50F /* Storyboards */,
			);
			path = Views;
			sourceTree = "<group>";
		};
		636108E223A2C2E9005CF50F /* Controls */ = {
			isa = PBXGroup;
			children = (
				636108E523A2C367005CF50F /* CustomControl.swift */,
			);
			path = Controls;
			sourceTree = "<group>";
		};
		636108E323A2C2F4005CF50F /* Model */ = {
			isa = PBXGroup;
			children = (
			);
			path = Model;
			sourceTree = "<group>";
		};
		636108E423A2C2FD005CF50F /* Custom Views */ = {
			isa = PBXGroup;
			children = (
			);
			path = "Custom Views";
			sourceTree = "<group>";
		};
/* End PBXGroup section */

/* Begin PBXNativeTarget section */
		636108C623A2C28F005CF50F /* CustomUIControlProject */ = {
			isa = PBXNativeTarget;
			buildConfigurationList = 636108DB23A2C290005CF50F /* Build configuration list for PBXNativeTarget "CustomUIControlProject" */;
			buildPhases = (
				636108C323A2C28F005CF50F /* Sources */,
				636108C423A2C28F005CF50F /* Frameworks */,
				636108C523A2C28F005CF50F /* Resources */,
			);
			buildRules = (
			);
			dependencies = (
			);
			name = CustomUIControlProject;
			productName = CustomUIControlProject;
			productReference = 636108C723A2C28F005CF50F /* CustomUIControlProject.app */;
			productType = "com.apple.product-type.application";
		};
/* End PBXNativeTarget section */

/* Begin PBXProject section */
		636108BF23A2C28F005CF50F /* Project object */ = {
			isa = PBXProject;
			attributes = {
				LastSwiftUpdateCheck = 1120;
				LastUpgradeCheck = 1120;
				ORGANIZATIONNAME = "Lambda School";
				TargetAttributes = {
					636108C623A2C28F005CF50F = {
						CreatedOnToolsVersion = 11.2.1;
					};
				};
			};
			buildConfigurationList = 636108C223A2C28F005CF50F /* Build configuration list for PBXProject "CustomUIControlProject" */;
			compatibilityVersion = "Xcode 9.3";
			developmentRegion = en;
			hasScannedForEncodings = 0;
			knownRegions = (
				en,
				Base,
			);
			mainGroup = 636108BE23A2C28F005CF50F;
			productRefGroup = 636108C823A2C28F005CF50F /* Products */;
			projectDirPath = "";
			projectRoot = "";
			targets = (
				636108C623A2C28F005CF50F /* CustomUIControlProject */,
			);
		};
/* End PBXProject section */

/* Begin PBXResourcesBuildPhase section */
		636108C523A2C28F005CF50F /* Resources */ = {
			isa = PBXResourcesBuildPhase;
			buildActionMask = 2147483647;
			files = (
				636108D723A2C290005CF50F /* LaunchScreen.storyboard in Resources */,
				636108D423A2C290005CF50F /* Assets.xcassets in Resources */,
				636108D223A2C28F005CF50F /* Main.storyboard in Resources */,
			);
			runOnlyForDeploymentPostprocessing = 0;
		};
/* End PBXResourcesBuildPhase section */

/* Begin PBXSourcesBuildPhase section */
		636108C323A2C28F005CF50F /* Sources */ = {
			isa = PBXSourcesBuildPhase;
			buildActionMask = 2147483647;
			files = (
				636108CB23A2C28F005CF50F /* AppDelegate.swift in Sources */,
				636108E823A2C4F5005CF50F /* CustomControlViewController.swift in Sources */,
				636108E623A2C367005CF50F /* CustomControl.swift in Sources */,
				636108CD23A2C28F005CF50F /* SceneDelegate.swift in Sources */,
			);
			runOnlyForDeploymentPostprocessing = 0;
		};
/* End PBXSourcesBuildPhase section */

/* Begin PBXVariantGroup section */
		636108D023A2C28F005CF50F /* Main.storyboard */ = {
			isa = PBXVariantGroup;
			children = (
				636108D123A2C28F005CF50F /* Base */,
			);
			name = Main.storyboard;
			sourceTree = "<group>";
		};
		636108D523A2C290005CF50F /* LaunchScreen.storyboard */ = {
			isa = PBXVariantGroup;
			children = (
				636108D623A2C290005CF50F /* Base */,
			);
			name = LaunchScreen.storyboard;
			sourceTree = "<group>";
		};
/* End PBXVariantGroup section */

/* Begin XCBuildConfiguration section */
		636108D923A2C290005CF50F /* Debug */ = {
			isa = XCBuildConfiguration;
			buildSettings = {
				ALWAYS_SEARCH_USER_PATHS = NO;
				CLANG_ANALYZER_NONNULL = YES;
				CLANG_ANALYZER_NUMBER_OBJECT_CONVERSION = YES_AGGRESSIVE;
				CLANG_CXX_LANGUAGE_STANDARD = "gnu++14";
				CLANG_CXX_LIBRARY = "libc++";
				CLANG_ENABLE_MODULES = YES;
				CLANG_ENABLE_OBJC_ARC = YES;
				CLANG_ENABLE_OBJC_WEAK = YES;
				CLANG_WARN_BLOCK_CAPTURE_AUTORELEASING = YES;
				CLANG_WARN_BOOL_CONVERSION = YES;
				CLANG_WARN_COMMA = YES;
				CLANG_WARN_CONSTANT_CONVERSION = YES;
				CLANG_WARN_DEPRECATED_OBJC_IMPLEMENTATIONS = YES;
				CLANG_WARN_DIRECT_OBJC_ISA_USAGE = YES_ERROR;
				CLANG_WARN_DOCUMENTATION_COMMENTS = YES;
				CLANG_WARN_EMPTY_BODY = YES;
				CLANG_WARN_ENUM_CONVERSION = YES;
				CLANG_WARN_INFINITE_RECURSION = YES;
				CLANG_WARN_INT_CONVERSION = YES;
				CLANG_WARN_NON_LITERAL_NULL_CONVERSION = YES;
				CLANG_WARN_OBJC_IMPLICIT_RETAIN_SELF = YES;
				CLANG_WARN_OBJC_LITERAL_CONVERSION = YES;
				CLANG_WARN_OBJC_ROOT_CLASS = YES_ERROR;
				CLANG_WARN_RANGE_LOOP_ANALYSIS = YES;
				CLANG_WARN_STRICT_PROTOTYPES = YES;
				CLANG_WARN_SUSPICIOUS_MOVE = YES;
				CLANG_WARN_UNGUARDED_AVAILABILITY = YES_AGGRESSIVE;
				CLANG_WARN_UNREACHABLE_CODE = YES;
				CLANG_WARN__DUPLICATE_METHOD_MATCH = YES;
				COPY_PHASE_STRIP = NO;
				DEBUG_INFORMATION_FORMAT = dwarf;
				ENABLE_STRICT_OBJC_MSGSEND = YES;
				ENABLE_TESTABILITY = YES;
				GCC_C_LANGUAGE_STANDARD = gnu11;
				GCC_DYNAMIC_NO_PIC = NO;
				GCC_NO_COMMON_BLOCKS = YES;
				GCC_OPTIMIZATION_LEVEL = 0;
				GCC_PREPROCESSOR_DEFINITIONS = (
					"DEBUG=1",
					"$(inherited)",
				);
				GCC_WARN_64_TO_32_BIT_CONVERSION = YES;
				GCC_WARN_ABOUT_RETURN_TYPE = YES_ERROR;
				GCC_WARN_UNDECLARED_SELECTOR = YES;
				GCC_WARN_UNINITIALIZED_AUTOS = YES_AGGRESSIVE;
				GCC_WARN_UNUSED_FUNCTION = YES;
				GCC_WARN_UNUSED_VARIABLE = YES;
				IPHONEOS_DEPLOYMENT_TARGET = 13.2;
				MTL_ENABLE_DEBUG_INFO = INCLUDE_SOURCE;
				MTL_FAST_MATH = YES;
				ONLY_ACTIVE_ARCH = YES;
				SDKROOT = iphoneos;
				SWIFT_ACTIVE_COMPILATION_CONDITIONS = DEBUG;
				SWIFT_OPTIMIZATION_LEVEL = "-Onone";
			};
			name = Debug;
		};
		636108DA23A2C290005CF50F /* Release */ = {
			isa = XCBuildConfiguration;
			buildSettings = {
				ALWAYS_SEARCH_USER_PATHS = NO;
				CLANG_ANALYZER_NONNULL = YES;
				CLANG_ANALYZER_NUMBER_OBJECT_CONVERSION = YES_AGGRESSIVE;
				CLANG_CXX_LANGUAGE_STANDARD = "gnu++14";
				CLANG_CXX_LIBRARY = "libc++";
				CLANG_ENABLE_MODULES = YES;
				CLANG_ENABLE_OBJC_ARC = YES;
				CLANG_ENABLE_OBJC_WEAK = YES;
				CLANG_WARN_BLOCK_CAPTURE_AUTORELEASING = YES;
				CLANG_WARN_BOOL_CONVERSION = YES;
				CLANG_WARN_COMMA = YES;
				CLANG_WARN_CONSTANT_CONVERSION = YES;
				CLANG_WARN_DEPRECATED_OBJC_IMPLEMENTATIONS = YES;
				CLANG_WARN_DIRECT_OBJC_ISA_USAGE = YES_ERROR;
				CLANG_WARN_DOCUMENTATION_COMMENTS = YES;
				CLANG_WARN_EMPTY_BODY = YES;
				CLANG_WARN_ENUM_CONVERSION = YES;
				CLANG_WARN_INFINITE_RECURSION = YES;
				CLANG_WARN_INT_CONVERSION = YES;
				CLANG_WARN_NON_LITERAL_NULL_CONVERSION = YES;
				CLANG_WARN_OBJC_IMPLICIT_RETAIN_SELF = YES;
				CLANG_WARN_OBJC_LITERAL_CONVERSION = YES;
				CLANG_WARN_OBJC_ROOT_CLASS = YES_ERROR;
				CLANG_WARN_RANGE_LOOP_ANALYSIS = YES;
				CLANG_WARN_STRICT_PROTOTYPES = YES;
				CLANG_WARN_SUSPICIOUS_MOVE = YES;
				CLANG_WARN_UNGUARDED_AVAILABILITY = YES_AGGRESSIVE;
				CLANG_WARN_UNREACHABLE_CODE = YES;
				CLANG_WARN__DUPLICATE_METHOD_MATCH = YES;
				COPY_PHASE_STRIP = NO;
				DEBUG_INFORMATION_FORMAT = "dwarf-with-dsym";
				ENABLE_NS_ASSERTIONS = NO;
				ENABLE_STRICT_OBJC_MSGSEND = YES;
				GCC_C_LANGUAGE_STANDARD = gnu11;
				GCC_NO_COMMON_BLOCKS = YES;
				GCC_WARN_64_TO_32_BIT_CONVERSION = YES;
				GCC_WARN_ABOUT_RETURN_TYPE = YES_ERROR;
				GCC_WARN_UNDECLARED_SELECTOR = YES;
				GCC_WARN_UNINITIALIZED_AUTOS = YES_AGGRESSIVE;
				GCC_WARN_UNUSED_FUNCTION = YES;
				GCC_WARN_UNUSED_VARIABLE = YES;
				IPHONEOS_DEPLOYMENT_TARGET = 13.2;
				MTL_ENABLE_DEBUG_INFO = NO;
				MTL_FAST_MATH = YES;
				SDKROOT = iphoneos;
				SWIFT_COMPILATION_MODE = wholemodule;
				SWIFT_OPTIMIZATION_LEVEL = "-O";
				VALIDATE_PRODUCT = YES;
			};
			name = Release;
		};
		636108DC23A2C290005CF50F /* Debug */ = {
			isa = XCBuildConfiguration;
			buildSettings = {
				ASSETCATALOG_COMPILER_APPICON_NAME = AppIcon;
				CODE_SIGN_STYLE = Automatic;
				DEVELOPMENT_TEAM = S6GJH95QQL;
				INFOPLIST_FILE = "CustomUIControlProject/Supporting Files/Info.plist";
				LD_RUNPATH_SEARCH_PATHS = (
					"$(inherited)",
					"@executable_path/Frameworks",
				);
				PRODUCT_BUNDLE_IDENTIFIER = com.lambdaschool.CustomUIControlProject;
				PRODUCT_NAME = "$(TARGET_NAME)";
				SWIFT_VERSION = 5.0;
				TARGETED_DEVICE_FAMILY = "1,2";
			};
			name = Debug;
		};
		636108DD23A2C290005CF50F /* Release */ = {
			isa = XCBuildConfiguration;
			buildSettings = {
				ASSETCATALOG_COMPILER_APPICON_NAME = AppIcon;
				CODE_SIGN_STYLE = Automatic;
				DEVELOPMENT_TEAM = S6GJH95QQL;
				INFOPLIST_FILE = "CustomUIControlProject/Supporting Files/Info.plist";
				LD_RUNPATH_SEARCH_PATHS = (
					"$(inherited)",
					"@executable_path/Frameworks",
				);
				PRODUCT_BUNDLE_IDENTIFIER = com.lambdaschool.CustomUIControlProject;
				PRODUCT_NAME = "$(TARGET_NAME)";
				SWIFT_VERSION = 5.0;
				TARGETED_DEVICE_FAMILY = "1,2";
			};
			name = Release;
		};
/* End XCBuildConfiguration section */

/* Begin XCConfigurationList section */
		636108C223A2C28F005CF50F /* Build configuration list for PBXProject "CustomUIControlProject" */ = {
			isa = XCConfigurationList;
			buildConfigurations = (
				636108D923A2C290005CF50F /* Debug */,
				636108DA23A2C290005CF50F /* Release */,
			);
			defaultConfigurationIsVisible = 0;
			defaultConfigurationName = Release;
		};
		636108DB23A2C290005CF50F /* Build configuration list for PBXNativeTarget "CustomUIControlProject" */ = {
			isa = XCConfigurationList;
			buildConfigurations = (
				636108DC23A2C290005CF50F /* Debug */,
				636108DD23A2C290005CF50F /* Release */,
			);
			defaultConfigurationIsVisible = 0;
			defaultConfigurationName = Release;
		};
/* End XCConfigurationList section */
	};
	rootObject = 636108BF23A2C28F005CF50F /* Project object */;
}
